// !$*UTF8*$!
{
	archiveVersion = 1;
	classes = {
	};
	objectVersion = 56;
	objects = {

/* Begin PBXBuildFile section */
		B6BED1DC29B9DFA6002B2881 /* AppDelegate.swift in Sources */ = {isa = PBXBuildFile; fileRef = B6BED1DB29B9DFA6002B2881 /* AppDelegate.swift */; };
		B6BED1DE29B9DFA6002B2881 /* SceneDelegate.swift in Sources */ = {isa = PBXBuildFile; fileRef = B6BED1DD29B9DFA6002B2881 /* SceneDelegate.swift */; };
		B6BED1E329B9DFA6002B2881 /* Main.storyboard in Resources */ = {isa = PBXBuildFile; fileRef = B6BED1E129B9DFA6002B2881 /* Main.storyboard */; };
		B6BED1E529B9DFAA002B2881 /* Assets.xcassets in Resources */ = {isa = PBXBuildFile; fileRef = B6BED1E429B9DFAA002B2881 /* Assets.xcassets */; };
		B6BED1E829B9DFAA002B2881 /* LaunchScreen.storyboard in Resources */ = {isa = PBXBuildFile; fileRef = B6BED1E629B9DFAA002B2881 /* LaunchScreen.storyboard */; };
		B6BED1F529B9E076002B2881 /* WeatherDetailsViewController.swift in Sources */ = {isa = PBXBuildFile; fileRef = B6BED1F429B9E076002B2881 /* WeatherDetailsViewController.swift */; };
		B6BED1F929B9E14C002B2881 /* Colors.xcassets in Resources */ = {isa = PBXBuildFile; fileRef = B6BED1F829B9E14C002B2881 /* Colors.xcassets */; };
		B6BED20229B9E4A5002B2881 /* Hourly.swift in Sources */ = {isa = PBXBuildFile; fileRef = B6BED1FA29B9E4A5002B2881 /* Hourly.swift */; };
		B6BED20329B9E4A5002B2881 /* WeatherReport.swift in Sources */ = {isa = PBXBuildFile; fileRef = B6BED1FB29B9E4A5002B2881 /* WeatherReport.swift */; };
		B6BED20429B9E4A5002B2881 /* Feels_like.swift in Sources */ = {isa = PBXBuildFile; fileRef = B6BED1FC29B9E4A5002B2881 /* Feels_like.swift */; };
		B6BED20529B9E4A5002B2881 /* Temp.swift in Sources */ = {isa = PBXBuildFile; fileRef = B6BED1FD29B9E4A5002B2881 /* Temp.swift */; };
		B6BED20629B9E4A5002B2881 /* Minutely.swift in Sources */ = {isa = PBXBuildFile; fileRef = B6BED1FE29B9E4A5002B2881 /* Minutely.swift */; };
		B6BED20729B9E4A5002B2881 /* Current.swift in Sources */ = {isa = PBXBuildFile; fileRef = B6BED1FF29B9E4A5002B2881 /* Current.swift */; };
		B6BED20829B9E4A5002B2881 /* WeatherCityData.swift in Sources */ = {isa = PBXBuildFile; fileRef = B6BED20029B9E4A5002B2881 /* WeatherCityData.swift */; };
		B6BED20929B9E4A5002B2881 /* Daily.swift in Sources */ = {isa = PBXBuildFile; fileRef = B6BED20129B9E4A5002B2881 /* Daily.swift */; };
		B6BED21729B9E4B3002B2881 /* HourleyTableViewCell.swift in Sources */ = {isa = PBXBuildFile; fileRef = B6BED20B29B9E4B2002B2881 /* HourleyTableViewCell.swift */; };
		B6BED21829B9E4B3002B2881 /* DailyWeatherTableViewCell.swift in Sources */ = {isa = PBXBuildFile; fileRef = B6BED20C29B9E4B2002B2881 /* DailyWeatherTableViewCell.swift */; };
		B6BED21929B9E4B3002B2881 /* AddressTableViewCell.xib in Resources */ = {isa = PBXBuildFile; fileRef = B6BED20D29B9E4B2002B2881 /* AddressTableViewCell.xib */; };
		B6BED21A29B9E4B3002B2881 /* DailyWeatherTableViewCell.xib in Resources */ = {isa = PBXBuildFile; fileRef = B6BED20E29B9E4B2002B2881 /* DailyWeatherTableViewCell.xib */; };
		B6BED21B29B9E4B3002B2881 /* AddressTableViewCell.swift in Sources */ = {isa = PBXBuildFile; fileRef = B6BED20F29B9E4B2002B2881 /* AddressTableViewCell.swift */; };
		B6BED21C29B9E4B3002B2881 /* HourleyTableViewCell.xib in Resources */ = {isa = PBXBuildFile; fileRef = B6BED21029B9E4B2002B2881 /* HourleyTableViewCell.xib */; };
		B6BED21D29B9E4B3002B2881 /* WeatherDetailsTableHeaderView.xib in Resources */ = {isa = PBXBuildFile; fileRef = B6BED21229B9E4B2002B2881 /* WeatherDetailsTableHeaderView.xib */; };
		B6BED21E29B9E4B3002B2881 /* WeatherDetailsTableHeaderView.swift in Sources */ = {isa = PBXBuildFile; fileRef = B6BED21329B9E4B2002B2881 /* WeatherDetailsTableHeaderView.swift */; };
		B6BED21F29B9E4B3002B2881 /* DatesCollectionViewCell.swift in Sources */ = {isa = PBXBuildFile; fileRef = B6BED21529B9E4B3002B2881 /* DatesCollectionViewCell.swift */; };
		B6BED22029B9E4B3002B2881 /* DatesCollectionViewCell.xib in Resources */ = {isa = PBXBuildFile; fileRef = B6BED21629B9E4B3002B2881 /* DatesCollectionViewCell.xib */; };
		B6BED22A29B9E5F9002B2881 /* UIImageView+Extension.swift in Sources */ = {isa = PBXBuildFile; fileRef = B6BED22229B9E5F9002B2881 /* UIImageView+Extension.swift */; };
		B6BED22D29B9E5F9002B2881 /* UIViewController+Extension.swift in Sources */ = {isa = PBXBuildFile; fileRef = B6BED22629B9E5F9002B2881 /* UIViewController+Extension.swift */; };
		B6BED22E29B9E5F9002B2881 /* UserDefaults+Extension.swift in Sources */ = {isa = PBXBuildFile; fileRef = B6BED22729B9E5F9002B2881 /* UserDefaults+Extension.swift */; };
		B6BED22F29B9E5F9002B2881 /* CALayer+Extension.swift in Sources */ = {isa = PBXBuildFile; fileRef = B6BED22829B9E5F9002B2881 /* CALayer+Extension.swift */; };
		B6BED23029B9E5F9002B2881 /* UITableView+Extension.swift in Sources */ = {isa = PBXBuildFile; fileRef = B6BED22929B9E5F9002B2881 /* UITableView+Extension.swift */; };
		B6BED23629B9E743002B2881 /* APIConstants.swift in Sources */ = {isa = PBXBuildFile; fileRef = B6BED23229B9E742002B2881 /* APIConstants.swift */; };
		B6BED23729B9E743002B2881 /* ApiManager.swift in Sources */ = {isa = PBXBuildFile; fileRef = B6BED23329B9E742002B2881 /* ApiManager.swift */; };
		B6BED23829B9E743002B2881 /* MockApiManager.swift in Sources */ = {isa = PBXBuildFile; fileRef = B6BED23429B9E742002B2881 /* MockApiManager.swift */; };
		B6BED23929B9E743002B2881 /* WebServices.swift in Sources */ = {isa = PBXBuildFile; fileRef = B6BED23529B9E742002B2881 /* WebServices.swift */; };
		B6BED23B29B9E76B002B2881 /* WeatherDetailsViewModel.swift in Sources */ = {isa = PBXBuildFile; fileRef = B6BED23A29B9E76B002B2881 /* WeatherDetailsViewModel.swift */; };
		B6DD84EE29BAF0A400E65B3E /* Reachability.swift in Sources */ = {isa = PBXBuildFile; fileRef = B6DD84ED29BAF0A300E65B3E /* Reachability.swift */; };
		B6DD84F029BAF12C00E65B3E /* UIView+Additions.swift in Sources */ = {isa = PBXBuildFile; fileRef = B6DD84EF29BAF12C00E65B3E /* UIView+Additions.swift */; };
		B6DD84F429BAF14800E65B3E /* FallbackIllustrationsView.xib in Resources */ = {isa = PBXBuildFile; fileRef = B6DD84F229BAF14800E65B3E /* FallbackIllustrationsView.xib */; };
		B6DD84F529BAF14800E65B3E /* FallbackIllustrationsView.swift in Sources */ = {isa = PBXBuildFile; fileRef = B6DD84F329BAF14800E65B3E /* FallbackIllustrationsView.swift */; };
		B6DD84FD29BB184900E65B3E /* SindhuWeatherTaskTests.swift in Sources */ = {isa = PBXBuildFile; fileRef = B6DD84FC29BB184900E65B3E /* SindhuWeatherTaskTests.swift */; };
		B6DD850629BB19BB00E65B3E /* WeatherCityMock.json in Resources */ = {isa = PBXBuildFile; fileRef = B6DD850429BB19BB00E65B3E /* WeatherCityMock.json */; };
		B6DD850729BB19BB00E65B3E /* WeatherReportMock.json in Resources */ = {isa = PBXBuildFile; fileRef = B6DD850529BB19BB00E65B3E /* WeatherReportMock.json */; };
		B6DD850829BB240F00E65B3E /* WeatherCityMock.json in Resources */ = {isa = PBXBuildFile; fileRef = B6DD850429BB19BB00E65B3E /* WeatherCityMock.json */; };
		B6DD850929BB241300E65B3E /* WeatherReportMock.json in Resources */ = {isa = PBXBuildFile; fileRef = B6DD850529BB19BB00E65B3E /* WeatherReportMock.json */; };
/* End PBXBuildFile section */

/* Begin PBXContainerItemProxy section */
		B6DD84FE29BB184900E65B3E /* PBXContainerItemProxy */ = {
			isa = PBXContainerItemProxy;
			containerPortal = B6BED1D029B9DFA6002B2881 /* Project object */;
			proxyType = 1;
			remoteGlobalIDString = B6BED1D729B9DFA6002B2881;
			remoteInfo = SindhuWeatherTask;
		};
/* End PBXContainerItemProxy section */

/* Begin PBXFileReference section */
		B6BED1D829B9DFA6002B2881 /* SindhuWeatherTask.app */ = {isa = PBXFileReference; explicitFileType = wrapper.application; includeInIndex = 0; path = SindhuWeatherTask.app; sourceTree = BUILT_PRODUCTS_DIR; };
		B6BED1DB29B9DFA6002B2881 /* AppDelegate.swift */ = {isa = PBXFileReference; lastKnownFileType = sourcecode.swift; path = AppDelegate.swift; sourceTree = "<group>"; };
		B6BED1DD29B9DFA6002B2881 /* SceneDelegate.swift */ = {isa = PBXFileReference; lastKnownFileType = sourcecode.swift; path = SceneDelegate.swift; sourceTree = "<group>"; };
		B6BED1E229B9DFA6002B2881 /* Base */ = {isa = PBXFileReference; lastKnownFileType = file.storyboard; name = Base; path = Base.lproj/Main.storyboard; sourceTree = "<group>"; };
		B6BED1E429B9DFAA002B2881 /* Assets.xcassets */ = {isa = PBXFileReference; lastKnownFileType = folder.assetcatalog; path = Assets.xcassets; sourceTree = "<group>"; };
		B6BED1E729B9DFAA002B2881 /* Base */ = {isa = PBXFileReference; lastKnownFileType = file.storyboard; name = Base; path = Base.lproj/LaunchScreen.storyboard; sourceTree = "<group>"; };
		B6BED1E929B9DFAA002B2881 /* Info.plist */ = {isa = PBXFileReference; lastKnownFileType = text.plist.xml; path = Info.plist; sourceTree = "<group>"; };
		B6BED1F429B9E076002B2881 /* WeatherDetailsViewController.swift */ = {isa = PBXFileReference; lastKnownFileType = sourcecode.swift; path = WeatherDetailsViewController.swift; sourceTree = "<group>"; };
		B6BED1F829B9E14C002B2881 /* Colors.xcassets */ = {isa = PBXFileReference; lastKnownFileType = folder.assetcatalog; path = Colors.xcassets; sourceTree = "<group>"; };
		B6BED1FA29B9E4A5002B2881 /* Hourly.swift */ = {isa = PBXFileReference; fileEncoding = 4; lastKnownFileType = sourcecode.swift; path = Hourly.swift; sourceTree = "<group>"; };
		B6BED1FB29B9E4A5002B2881 /* WeatherReport.swift */ = {isa = PBXFileReference; fileEncoding = 4; lastKnownFileType = sourcecode.swift; path = WeatherReport.swift; sourceTree = "<group>"; };
		B6BED1FC29B9E4A5002B2881 /* Feels_like.swift */ = {isa = PBXFileReference; fileEncoding = 4; lastKnownFileType = sourcecode.swift; path = Feels_like.swift; sourceTree = "<group>"; };
		B6BED1FD29B9E4A5002B2881 /* Temp.swift */ = {isa = PBXFileReference; fileEncoding = 4; lastKnownFileType = sourcecode.swift; path = Temp.swift; sourceTree = "<group>"; };
		B6BED1FE29B9E4A5002B2881 /* Minutely.swift */ = {isa = PBXFileReference; fileEncoding = 4; lastKnownFileType = sourcecode.swift; path = Minutely.swift; sourceTree = "<group>"; };
		B6BED1FF29B9E4A5002B2881 /* Current.swift */ = {isa = PBXFileReference; fileEncoding = 4; lastKnownFileType = sourcecode.swift; path = Current.swift; sourceTree = "<group>"; };
		B6BED20029B9E4A5002B2881 /* WeatherCityData.swift */ = {isa = PBXFileReference; fileEncoding = 4; lastKnownFileType = sourcecode.swift; path = WeatherCityData.swift; sourceTree = "<group>"; };
		B6BED20129B9E4A5002B2881 /* Daily.swift */ = {isa = PBXFileReference; fileEncoding = 4; lastKnownFileType = sourcecode.swift; path = Daily.swift; sourceTree = "<group>"; };
		B6BED20B29B9E4B2002B2881 /* HourleyTableViewCell.swift */ = {isa = PBXFileReference; fileEncoding = 4; lastKnownFileType = sourcecode.swift; path = HourleyTableViewCell.swift; sourceTree = "<group>"; };
		B6BED20C29B9E4B2002B2881 /* DailyWeatherTableViewCell.swift */ = {isa = PBXFileReference; fileEncoding = 4; lastKnownFileType = sourcecode.swift; path = DailyWeatherTableViewCell.swift; sourceTree = "<group>"; };
		B6BED20D29B9E4B2002B2881 /* AddressTableViewCell.xib */ = {isa = PBXFileReference; fileEncoding = 4; lastKnownFileType = file.xib; path = AddressTableViewCell.xib; sourceTree = "<group>"; };
		B6BED20E29B9E4B2002B2881 /* DailyWeatherTableViewCell.xib */ = {isa = PBXFileReference; fileEncoding = 4; lastKnownFileType = file.xib; path = DailyWeatherTableViewCell.xib; sourceTree = "<group>"; };
		B6BED20F29B9E4B2002B2881 /* AddressTableViewCell.swift */ = {isa = PBXFileReference; fileEncoding = 4; lastKnownFileType = sourcecode.swift; path = AddressTableViewCell.swift; sourceTree = "<group>"; };
		B6BED21029B9E4B2002B2881 /* HourleyTableViewCell.xib */ = {isa = PBXFileReference; fileEncoding = 4; lastKnownFileType = file.xib; path = HourleyTableViewCell.xib; sourceTree = "<group>"; };
		B6BED21229B9E4B2002B2881 /* WeatherDetailsTableHeaderView.xib */ = {isa = PBXFileReference; fileEncoding = 4; lastKnownFileType = file.xib; path = WeatherDetailsTableHeaderView.xib; sourceTree = "<group>"; };
		B6BED21329B9E4B2002B2881 /* WeatherDetailsTableHeaderView.swift */ = {isa = PBXFileReference; fileEncoding = 4; lastKnownFileType = sourcecode.swift; path = WeatherDetailsTableHeaderView.swift; sourceTree = "<group>"; };
		B6BED21529B9E4B3002B2881 /* DatesCollectionViewCell.swift */ = {isa = PBXFileReference; fileEncoding = 4; lastKnownFileType = sourcecode.swift; path = DatesCollectionViewCell.swift; sourceTree = "<group>"; };
		B6BED21629B9E4B3002B2881 /* DatesCollectionViewCell.xib */ = {isa = PBXFileReference; fileEncoding = 4; lastKnownFileType = file.xib; path = DatesCollectionViewCell.xib; sourceTree = "<group>"; };
		B6BED22229B9E5F9002B2881 /* UIImageView+Extension.swift */ = {isa = PBXFileReference; fileEncoding = 4; lastKnownFileType = sourcecode.swift; path = "UIImageView+Extension.swift"; sourceTree = "<group>"; };
		B6BED22629B9E5F9002B2881 /* UIViewController+Extension.swift */ = {isa = PBXFileReference; fileEncoding = 4; lastKnownFileType = sourcecode.swift; path = "UIViewController+Extension.swift"; sourceTree = "<group>"; };
		B6BED22729B9E5F9002B2881 /* UserDefaults+Extension.swift */ = {isa = PBXFileReference; fileEncoding = 4; lastKnownFileType = sourcecode.swift; path = "UserDefaults+Extension.swift"; sourceTree = "<group>"; };
		B6BED22829B9E5F9002B2881 /* CALayer+Extension.swift */ = {isa = PBXFileReference; fileEncoding = 4; lastKnownFileType = sourcecode.swift; path = "CALayer+Extension.swift"; sourceTree = "<group>"; };
		B6BED22929B9E5F9002B2881 /* UITableView+Extension.swift */ = {isa = PBXFileReference; fileEncoding = 4; lastKnownFileType = sourcecode.swift; path = "UITableView+Extension.swift"; sourceTree = "<group>"; };
		B6BED23229B9E742002B2881 /* APIConstants.swift */ = {isa = PBXFileReference; fileEncoding = 4; lastKnownFileType = sourcecode.swift; path = APIConstants.swift; sourceTree = "<group>"; };
		B6BED23329B9E742002B2881 /* ApiManager.swift */ = {isa = PBXFileReference; fileEncoding = 4; lastKnownFileType = sourcecode.swift; path = ApiManager.swift; sourceTree = "<group>"; };
		B6BED23429B9E742002B2881 /* MockApiManager.swift */ = {isa = PBXFileReference; fileEncoding = 4; lastKnownFileType = sourcecode.swift; path = MockApiManager.swift; sourceTree = "<group>"; };
		B6BED23529B9E742002B2881 /* WebServices.swift */ = {isa = PBXFileReference; fileEncoding = 4; lastKnownFileType = sourcecode.swift; path = WebServices.swift; sourceTree = "<group>"; };
		B6BED23A29B9E76B002B2881 /* WeatherDetailsViewModel.swift */ = {isa = PBXFileReference; lastKnownFileType = sourcecode.swift; path = WeatherDetailsViewModel.swift; sourceTree = "<group>"; };
		B6DD84ED29BAF0A300E65B3E /* Reachability.swift */ = {isa = PBXFileReference; fileEncoding = 4; lastKnownFileType = sourcecode.swift; path = Reachability.swift; sourceTree = "<group>"; };
		B6DD84EF29BAF12C00E65B3E /* UIView+Additions.swift */ = {isa = PBXFileReference; fileEncoding = 4; lastKnownFileType = sourcecode.swift; path = "UIView+Additions.swift"; sourceTree = "<group>"; };
		B6DD84F229BAF14800E65B3E /* FallbackIllustrationsView.xib */ = {isa = PBXFileReference; fileEncoding = 4; lastKnownFileType = file.xib; path = FallbackIllustrationsView.xib; sourceTree = "<group>"; };
		B6DD84F329BAF14800E65B3E /* FallbackIllustrationsView.swift */ = {isa = PBXFileReference; fileEncoding = 4; lastKnownFileType = sourcecode.swift; path = FallbackIllustrationsView.swift; sourceTree = "<group>"; };
		B6DD84FA29BB184900E65B3E /* SindhuWeatherTaskTests.xctest */ = {isa = PBXFileReference; explicitFileType = wrapper.cfbundle; includeInIndex = 0; path = SindhuWeatherTaskTests.xctest; sourceTree = BUILT_PRODUCTS_DIR; };
		B6DD84FC29BB184900E65B3E /* SindhuWeatherTaskTests.swift */ = {isa = PBXFileReference; lastKnownFileType = sourcecode.swift; path = SindhuWeatherTaskTests.swift; sourceTree = "<group>"; };
		B6DD850429BB19BB00E65B3E /* WeatherCityMock.json */ = {isa = PBXFileReference; fileEncoding = 4; lastKnownFileType = text.json; path = WeatherCityMock.json; sourceTree = "<group>"; };
		B6DD850529BB19BB00E65B3E /* WeatherReportMock.json */ = {isa = PBXFileReference; fileEncoding = 4; lastKnownFileType = text.json; path = WeatherReportMock.json; sourceTree = "<group>"; };
/* End PBXFileReference section */

/* Begin PBXFrameworksBuildPhase section */
		B6BED1D529B9DFA6002B2881 /* Frameworks */ = {
			isa = PBXFrameworksBuildPhase;
			buildActionMask = 2147483647;
			files = (
			);
			runOnlyForDeploymentPostprocessing = 0;
		};
		B6DD84F729BB184900E65B3E /* Frameworks */ = {
			isa = PBXFrameworksBuildPhase;
			buildActionMask = 2147483647;
			files = (
			);
			runOnlyForDeploymentPostprocessing = 0;
		};
/* End PBXFrameworksBuildPhase section */

/* Begin PBXGroup section */
		B6BED1CF29B9DFA6002B2881 = {
			isa = PBXGroup;
			children = (
				B6BED1DA29B9DFA6002B2881 /* SindhuWeatherTask */,
				B6DD84FB29BB184900E65B3E /* SindhuWeatherTaskTests */,
				B6BED1D929B9DFA6002B2881 /* Products */,
			);
			sourceTree = "<group>";
		};
		B6BED1D929B9DFA6002B2881 /* Products */ = {
			isa = PBXGroup;
			children = (
				B6BED1D829B9DFA6002B2881 /* SindhuWeatherTask.app */,
				B6DD84FA29BB184900E65B3E /* SindhuWeatherTaskTests.xctest */,
			);
			name = Products;
			sourceTree = "<group>";
		};
		B6BED1DA29B9DFA6002B2881 /* SindhuWeatherTask */ = {
			isa = PBXGroup;
			children = (
				B6DD850329BB19BB00E65B3E /* Mock Resources */,
				B6DD84EC29BAF0A300E65B3E /* Utilities */,
				B6BED23129B9E742002B2881 /* ApiManager */,
				B6BED22129B9E5F9002B2881 /* Extensions */,
				B6BED1EF29B9E04C002B2881 /* WeatherViewController */,
				B6BED1DB29B9DFA6002B2881 /* AppDelegate.swift */,
				B6BED1DD29B9DFA6002B2881 /* SceneDelegate.swift */,
				B6BED1E129B9DFA6002B2881 /* Main.storyboard */,
				B6BED1E429B9DFAA002B2881 /* Assets.xcassets */,
				B6BED1F829B9E14C002B2881 /* Colors.xcassets */,
				B6BED1E629B9DFAA002B2881 /* LaunchScreen.storyboard */,
				B6BED1E929B9DFAA002B2881 /* Info.plist */,
			);
			path = SindhuWeatherTask;
			sourceTree = "<group>";
		};
		B6BED1EF29B9E04C002B2881 /* WeatherViewController */ = {
			isa = PBXGroup;
			children = (
				B6BED1F029B9E04C002B2881 /* Viewmodel */,
				B6BED1F129B9E04C002B2881 /* Controller */,
				B6BED1F229B9E04C002B2881 /* Model */,
				B6BED1F329B9E04C002B2881 /* View */,
			);
			path = WeatherViewController;
			sourceTree = "<group>";
		};
		B6BED1F029B9E04C002B2881 /* Viewmodel */ = {
			isa = PBXGroup;
			children = (
				B6BED23A29B9E76B002B2881 /* WeatherDetailsViewModel.swift */,
			);
			path = Viewmodel;
			sourceTree = "<group>";
		};
		B6BED1F129B9E04C002B2881 /* Controller */ = {
			isa = PBXGroup;
			children = (
				B6BED1F429B9E076002B2881 /* WeatherDetailsViewController.swift */,
			);
			path = Controller;
			sourceTree = "<group>";
		};
		B6BED1F229B9E04C002B2881 /* Model */ = {
			isa = PBXGroup;
			children = (
				B6BED1FF29B9E4A5002B2881 /* Current.swift */,
				B6BED20129B9E4A5002B2881 /* Daily.swift */,
				B6BED1FC29B9E4A5002B2881 /* Feels_like.swift */,
				B6BED1FA29B9E4A5002B2881 /* Hourly.swift */,
				B6BED1FE29B9E4A5002B2881 /* Minutely.swift */,
				B6BED1FD29B9E4A5002B2881 /* Temp.swift */,
				B6BED20029B9E4A5002B2881 /* WeatherCityData.swift */,
				B6BED1FB29B9E4A5002B2881 /* WeatherReport.swift */,
			);
			path = Model;
			sourceTree = "<group>";
		};
		B6BED1F329B9E04C002B2881 /* View */ = {
			isa = PBXGroup;
			children = (
				B6BED21429B9E4B3002B2881 /* Daily Collection Viewcell */,
				B6BED21129B9E4B2002B2881 /* Header */,
				B6BED20A29B9E4B2002B2881 /* hourley cell */,
			);
			path = View;
			sourceTree = "<group>";
		};
		B6BED20A29B9E4B2002B2881 /* hourley cell */ = {
			isa = PBXGroup;
			children = (
				B6BED20B29B9E4B2002B2881 /* HourleyTableViewCell.swift */,
				B6BED20C29B9E4B2002B2881 /* DailyWeatherTableViewCell.swift */,
				B6BED20D29B9E4B2002B2881 /* AddressTableViewCell.xib */,
				B6BED20E29B9E4B2002B2881 /* DailyWeatherTableViewCell.xib */,
				B6BED20F29B9E4B2002B2881 /* AddressTableViewCell.swift */,
				B6BED21029B9E4B2002B2881 /* HourleyTableViewCell.xib */,
			);
			path = "hourley cell";
			sourceTree = "<group>";
		};
		B6BED21129B9E4B2002B2881 /* Header */ = {
			isa = PBXGroup;
			children = (
				B6BED21229B9E4B2002B2881 /* WeatherDetailsTableHeaderView.xib */,
				B6BED21329B9E4B2002B2881 /* WeatherDetailsTableHeaderView.swift */,
			);
			path = Header;
			sourceTree = "<group>";
		};
		B6BED21429B9E4B3002B2881 /* Daily Collection Viewcell */ = {
			isa = PBXGroup;
			children = (
				B6BED21529B9E4B3002B2881 /* DatesCollectionViewCell.swift */,
				B6BED21629B9E4B3002B2881 /* DatesCollectionViewCell.xib */,
			);
			path = "Daily Collection Viewcell";
			sourceTree = "<group>";
		};
		B6BED22129B9E5F9002B2881 /* Extensions */ = {
			isa = PBXGroup;
			children = (
				B6DD84EF29BAF12C00E65B3E /* UIView+Additions.swift */,
				B6BED22229B9E5F9002B2881 /* UIImageView+Extension.swift */,
				B6BED22629B9E5F9002B2881 /* UIViewController+Extension.swift */,
				B6BED22729B9E5F9002B2881 /* UserDefaults+Extension.swift */,
				B6BED22829B9E5F9002B2881 /* CALayer+Extension.swift */,
				B6BED22929B9E5F9002B2881 /* UITableView+Extension.swift */,
			);
			path = Extensions;
			sourceTree = "<group>";
		};
		B6BED23129B9E742002B2881 /* ApiManager */ = {
			isa = PBXGroup;
			children = (
				B6BED23229B9E742002B2881 /* APIConstants.swift */,
				B6BED23329B9E742002B2881 /* ApiManager.swift */,
				B6BED23429B9E742002B2881 /* MockApiManager.swift */,
				B6BED23529B9E742002B2881 /* WebServices.swift */,
			);
			path = ApiManager;
			sourceTree = "<group>";
		};
		B6DD84EC29BAF0A300E65B3E /* Utilities */ = {
			isa = PBXGroup;
			children = (
				B6DD84F129BAF14800E65B3E /* FallBackIllustration */,
				B6DD84ED29BAF0A300E65B3E /* Reachability.swift */,
			);
			path = Utilities;
			sourceTree = "<group>";
		};
		B6DD84F129BAF14800E65B3E /* FallBackIllustration */ = {
			isa = PBXGroup;
			children = (
				B6DD84F229BAF14800E65B3E /* FallbackIllustrationsView.xib */,
				B6DD84F329BAF14800E65B3E /* FallbackIllustrationsView.swift */,
			);
			path = FallBackIllustration;
			sourceTree = "<group>";
		};
		B6DD84FB29BB184900E65B3E /* SindhuWeatherTaskTests */ = {
			isa = PBXGroup;
			children = (
				B6DD84FC29BB184900E65B3E /* SindhuWeatherTaskTests.swift */,
			);
			path = SindhuWeatherTaskTests;
			sourceTree = "<group>";
		};
		B6DD850329BB19BB00E65B3E /* Mock Resources */ = {
			isa = PBXGroup;
			children = (
				B6DD850429BB19BB00E65B3E /* WeatherCityMock.json */,
				B6DD850529BB19BB00E65B3E /* WeatherReportMock.json */,
			);
			path = "Mock Resources";
			sourceTree = "<group>";
		};
/* End PBXGroup section */

/* Begin PBXNativeTarget section */
		B6BED1D729B9DFA6002B2881 /* SindhuWeatherTask */ = {
			isa = PBXNativeTarget;
			buildConfigurationList = B6BED1EC29B9DFAA002B2881 /* Build configuration list for PBXNativeTarget "SindhuWeatherTask" */;
			buildPhases = (
				B6BED1D429B9DFA6002B2881 /* Sources */,
				B6BED1D529B9DFA6002B2881 /* Frameworks */,
				B6BED1D629B9DFA6002B2881 /* Resources */,
			);
			buildRules = (
			);
			dependencies = (
			);
			name = SindhuWeatherTask;
			productName = SindhuWeatherTask;
			productReference = B6BED1D829B9DFA6002B2881 /* SindhuWeatherTask.app */;
			productType = "com.apple.product-type.application";
		};
		B6DD84F929BB184900E65B3E /* SindhuWeatherTaskTests */ = {
			isa = PBXNativeTarget;
			buildConfigurationList = B6DD850029BB184900E65B3E /* Build configuration list for PBXNativeTarget "SindhuWeatherTaskTests" */;
			buildPhases = (
				B6DD84F629BB184900E65B3E /* Sources */,
				B6DD84F729BB184900E65B3E /* Frameworks */,
				B6DD84F829BB184900E65B3E /* Resources */,
			);
			buildRules = (
			);
			dependencies = (
				B6DD84FF29BB184900E65B3E /* PBXTargetDependency */,
			);
			name = SindhuWeatherTaskTests;
			productName = SindhuWeatherTaskTests;
			productReference = B6DD84FA29BB184900E65B3E /* SindhuWeatherTaskTests.xctest */;
			productType = "com.apple.product-type.bundle.unit-test";
		};
/* End PBXNativeTarget section */

/* Begin PBXProject section */
		B6BED1D029B9DFA6002B2881 /* Project object */ = {
			isa = PBXProject;
			attributes = {
				BuildIndependentTargetsInParallel = 1;
				LastSwiftUpdateCheck = 1410;
				LastUpgradeCheck = 1410;
				TargetAttributes = {
					B6BED1D729B9DFA6002B2881 = {
						CreatedOnToolsVersion = 14.1;
					};
					B6DD84F929BB184900E65B3E = {
						CreatedOnToolsVersion = 14.1;
						TestTargetID = B6BED1D729B9DFA6002B2881;
					};
				};
			};
			buildConfigurationList = B6BED1D329B9DFA6002B2881 /* Build configuration list for PBXProject "SindhuWeatherTask" */;
			compatibilityVersion = "Xcode 14.0";
			developmentRegion = en;
			hasScannedForEncodings = 0;
			knownRegions = (
				en,
				Base,
			);
			mainGroup = B6BED1CF29B9DFA6002B2881;
			productRefGroup = B6BED1D929B9DFA6002B2881 /* Products */;
			projectDirPath = "";
			projectRoot = "";
			targets = (
				B6BED1D729B9DFA6002B2881 /* SindhuWeatherTask */,
				B6DD84F929BB184900E65B3E /* SindhuWeatherTaskTests */,
			);
		};
/* End PBXProject section */

/* Begin PBXResourcesBuildPhase section */
		B6BED1D629B9DFA6002B2881 /* Resources */ = {
			isa = PBXResourcesBuildPhase;
			buildActionMask = 2147483647;
			files = (
				B6BED1E829B9DFAA002B2881 /* LaunchScreen.storyboard in Resources */,
				B6BED21929B9E4B3002B2881 /* AddressTableViewCell.xib in Resources */,
				B6DD84F429BAF14800E65B3E /* FallbackIllustrationsView.xib in Resources */,
				B6BED1F929B9E14C002B2881 /* Colors.xcassets in Resources */,
				B6DD850929BB241300E65B3E /* WeatherReportMock.json in Resources */,
				B6BED22029B9E4B3002B2881 /* DatesCollectionViewCell.xib in Resources */,
				B6BED1E529B9DFAA002B2881 /* Assets.xcassets in Resources */,
				B6BED21D29B9E4B3002B2881 /* WeatherDetailsTableHeaderView.xib in Resources */,
				B6BED21C29B9E4B3002B2881 /* HourleyTableViewCell.xib in Resources */,
				B6BED21A29B9E4B3002B2881 /* DailyWeatherTableViewCell.xib in Resources */,
				B6BED1E329B9DFA6002B2881 /* Main.storyboard in Resources */,
				B6DD850829BB240F00E65B3E /* WeatherCityMock.json in Resources */,
			);
			runOnlyForDeploymentPostprocessing = 0;
		};
		B6DD84F829BB184900E65B3E /* Resources */ = {
			isa = PBXResourcesBuildPhase;
			buildActionMask = 2147483647;
			files = (
				B6DD850729BB19BB00E65B3E /* WeatherReportMock.json in Resources */,
				B6DD850629BB19BB00E65B3E /* WeatherCityMock.json in Resources */,
			);
			runOnlyForDeploymentPostprocessing = 0;
		};
/* End PBXResourcesBuildPhase section */

/* Begin PBXSourcesBuildPhase section */
		B6BED1D429B9DFA6002B2881 /* Sources */ = {
			isa = PBXSourcesBuildPhase;
			buildActionMask = 2147483647;
			files = (
				B6BED23829B9E743002B2881 /* MockApiManager.swift in Sources */,
				B6BED21F29B9E4B3002B2881 /* DatesCollectionViewCell.swift in Sources */,
				B6BED20729B9E4A5002B2881 /* Current.swift in Sources */,
				B6BED23629B9E743002B2881 /* APIConstants.swift in Sources */,
				B6BED22F29B9E5F9002B2881 /* CALayer+Extension.swift in Sources */,
				B6BED21E29B9E4B3002B2881 /* WeatherDetailsTableHeaderView.swift in Sources */,
				B6BED20629B9E4A5002B2881 /* Minutely.swift in Sources */,
				B6BED20529B9E4A5002B2881 /* Temp.swift in Sources */,
				B6BED1DC29B9DFA6002B2881 /* AppDelegate.swift in Sources */,
				B6BED20829B9E4A5002B2881 /* WeatherCityData.swift in Sources */,
				B6BED1DE29B9DFA6002B2881 /* SceneDelegate.swift in Sources */,
				B6BED22D29B9E5F9002B2881 /* UIViewController+Extension.swift in Sources */,
				B6DD84F029BAF12C00E65B3E /* UIView+Additions.swift in Sources */,
				B6BED23029B9E5F9002B2881 /* UITableView+Extension.swift in Sources */,
				B6DD84EE29BAF0A400E65B3E /* Reachability.swift in Sources */,
				B6BED23B29B9E76B002B2881 /* WeatherDetailsViewModel.swift in Sources */,
				B6DD84F529BAF14800E65B3E /* FallbackIllustrationsView.swift in Sources */,
				B6BED20429B9E4A5002B2881 /* Feels_like.swift in Sources */,
				B6BED20329B9E4A5002B2881 /* WeatherReport.swift in Sources */,
				B6BED21829B9E4B3002B2881 /* DailyWeatherTableViewCell.swift in Sources */,
				B6BED23729B9E743002B2881 /* ApiManager.swift in Sources */,
				B6BED23929B9E743002B2881 /* WebServices.swift in Sources */,
				B6BED21729B9E4B3002B2881 /* HourleyTableViewCell.swift in Sources */,
				B6BED21B29B9E4B3002B2881 /* AddressTableViewCell.swift in Sources */,
				B6BED20929B9E4A5002B2881 /* Daily.swift in Sources */,
				B6BED20229B9E4A5002B2881 /* Hourly.swift in Sources */,
				B6BED22A29B9E5F9002B2881 /* UIImageView+Extension.swift in Sources */,
				B6BED22E29B9E5F9002B2881 /* UserDefaults+Extension.swift in Sources */,
				B6BED1F529B9E076002B2881 /* WeatherDetailsViewController.swift in Sources */,
			);
			runOnlyForDeploymentPostprocessing = 0;
		};
		B6DD84F629BB184900E65B3E /* Sources */ = {
			isa = PBXSourcesBuildPhase;
			buildActionMask = 2147483647;
			files = (
				B6DD84FD29BB184900E65B3E /* SindhuWeatherTaskTests.swift in Sources */,
			);
			runOnlyForDeploymentPostprocessing = 0;
		};
/* End PBXSourcesBuildPhase section */

/* Begin PBXTargetDependency section */
		B6DD84FF29BB184900E65B3E /* PBXTargetDependency */ = {
			isa = PBXTargetDependency;
			target = B6BED1D729B9DFA6002B2881 /* SindhuWeatherTask */;
			targetProxy = B6DD84FE29BB184900E65B3E /* PBXContainerItemProxy */;
		};
/* End PBXTargetDependency section */

/* Begin PBXVariantGroup section */
		B6BED1E129B9DFA6002B2881 /* Main.storyboard */ = {
			isa = PBXVariantGroup;
			children = (
				B6BED1E229B9DFA6002B2881 /* Base */,
			);
			name = Main.storyboard;
			sourceTree = "<group>";
		};
		B6BED1E629B9DFAA002B2881 /* LaunchScreen.storyboard */ = {
			isa = PBXVariantGroup;
			children = (
				B6BED1E729B9DFAA002B2881 /* Base */,
			);
			name = LaunchScreen.storyboard;
			sourceTree = "<group>";
		};
/* End PBXVariantGroup section */

/* Begin XCBuildConfiguration section */
		B6BED1EA29B9DFAA002B2881 /* Debug */ = {
			isa = XCBuildConfiguration;
			buildSettings = {
				ALWAYS_SEARCH_USER_PATHS = NO;
				CLANG_ANALYZER_NONNULL = YES;
				CLANG_ANALYZER_NUMBER_OBJECT_CONVERSION = YES_AGGRESSIVE;
				CLANG_CXX_LANGUAGE_STANDARD = "gnu++20";
				CLANG_ENABLE_MODULES = YES;
				CLANG_ENABLE_OBJC_ARC = YES;
				CLANG_ENABLE_OBJC_WEAK = YES;
				CLANG_WARN_BLOCK_CAPTURE_AUTORELEASING = YES;
				CLANG_WARN_BOOL_CONVERSION = YES;
				CLANG_WARN_COMMA = YES;
				CLANG_WARN_CONSTANT_CONVERSION = YES;
				CLANG_WARN_DEPRECATED_OBJC_IMPLEMENTATIONS = YES;
				CLANG_WARN_DIRECT_OBJC_ISA_USAGE = YES_ERROR;
				CLANG_WARN_DOCUMENTATION_COMMENTS = YES;
				CLANG_WARN_EMPTY_BODY = YES;
				CLANG_WARN_ENUM_CONVERSION = YES;
				CLANG_WARN_INFINITE_RECURSION = YES;
				CLANG_WARN_INT_CONVERSION = YES;
				CLANG_WARN_NON_LITERAL_NULL_CONVERSION = YES;
				CLANG_WARN_OBJC_IMPLICIT_RETAIN_SELF = YES;
				CLANG_WARN_OBJC_LITERAL_CONVERSION = YES;
				CLANG_WARN_OBJC_ROOT_CLASS = YES_ERROR;
				CLANG_WARN_QUOTED_INCLUDE_IN_FRAMEWORK_HEADER = YES;
				CLANG_WARN_RANGE_LOOP_ANALYSIS = YES;
				CLANG_WARN_STRICT_PROTOTYPES = YES;
				CLANG_WARN_SUSPICIOUS_MOVE = YES;
				CLANG_WARN_UNGUARDED_AVAILABILITY = YES_AGGRESSIVE;
				CLANG_WARN_UNREACHABLE_CODE = YES;
				CLANG_WARN__DUPLICATE_METHOD_MATCH = YES;
				COPY_PHASE_STRIP = NO;
				DEBUG_INFORMATION_FORMAT = dwarf;
				ENABLE_STRICT_OBJC_MSGSEND = YES;
				ENABLE_TESTABILITY = YES;
				GCC_C_LANGUAGE_STANDARD = gnu11;
				GCC_DYNAMIC_NO_PIC = NO;
				GCC_NO_COMMON_BLOCKS = YES;
				GCC_OPTIMIZATION_LEVEL = 0;
				GCC_PREPROCESSOR_DEFINITIONS = (
					"DEBUG=1",
					"$(inherited)",
				);
				GCC_WARN_64_TO_32_BIT_CONVERSION = YES;
				GCC_WARN_ABOUT_RETURN_TYPE = YES_ERROR;
				GCC_WARN_UNDECLARED_SELECTOR = YES;
				GCC_WARN_UNINITIALIZED_AUTOS = YES_AGGRESSIVE;
				GCC_WARN_UNUSED_FUNCTION = YES;
				GCC_WARN_UNUSED_VARIABLE = YES;
				IPHONEOS_DEPLOYMENT_TARGET = 16.1;
				MTL_ENABLE_DEBUG_INFO = INCLUDE_SOURCE;
				MTL_FAST_MATH = YES;
				ONLY_ACTIVE_ARCH = YES;
				SDKROOT = iphoneos;
				SWIFT_ACTIVE_COMPILATION_CONDITIONS = DEBUG;
				SWIFT_OPTIMIZATION_LEVEL = "-Onone";
			};
			name = Debug;
		};
		B6BED1EB29B9DFAA002B2881 /* Release */ = {
			isa = XCBuildConfiguration;
			buildSettings = {
				ALWAYS_SEARCH_USER_PATHS = NO;
				CLANG_ANALYZER_NONNULL = YES;
				CLANG_ANALYZER_NUMBER_OBJECT_CONVERSION = YES_AGGRESSIVE;
				CLANG_CXX_LANGUAGE_STANDARD = "gnu++20";
				CLANG_ENABLE_MODULES = YES;
				CLANG_ENABLE_OBJC_ARC = YES;
				CLANG_ENABLE_OBJC_WEAK = YES;
				CLANG_WARN_BLOCK_CAPTURE_AUTORELEASING = YES;
				CLANG_WARN_BOOL_CONVERSION = YES;
				CLANG_WARN_COMMA = YES;
				CLANG_WARN_CONSTANT_CONVERSION = YES;
				CLANG_WARN_DEPRECATED_OBJC_IMPLEMENTATIONS = YES;
				CLANG_WARN_DIRECT_OBJC_ISA_USAGE = YES_ERROR;
				CLANG_WARN_DOCUMENTATION_COMMENTS = YES;
				CLANG_WARN_EMPTY_BODY = YES;
				CLANG_WARN_ENUM_CONVERSION = YES;
				CLANG_WARN_INFINITE_RECURSION = YES;
				CLANG_WARN_INT_CONVERSION = YES;
				CLANG_WARN_NON_LITERAL_NULL_CONVERSION = YES;
				CLANG_WARN_OBJC_IMPLICIT_RETAIN_SELF = YES;
				CLANG_WARN_OBJC_LITERAL_CONVERSION = YES;
				CLANG_WARN_OBJC_ROOT_CLASS = YES_ERROR;
				CLANG_WARN_QUOTED_INCLUDE_IN_FRAMEWORK_HEADER = YES;
				CLANG_WARN_RANGE_LOOP_ANALYSIS = YES;
				CLANG_WARN_STRICT_PROTOTYPES = YES;
				CLANG_WARN_SUSPICIOUS_MOVE = YES;
				CLANG_WARN_UNGUARDED_AVAILABILITY = YES_AGGRESSIVE;
				CLANG_WARN_UNREACHABLE_CODE = YES;
				CLANG_WARN__DUPLICATE_METHOD_MATCH = YES;
				COPY_PHASE_STRIP = NO;
				DEBUG_INFORMATION_FORMAT = "dwarf-with-dsym";
				ENABLE_NS_ASSERTIONS = NO;
				ENABLE_STRICT_OBJC_MSGSEND = YES;
				GCC_C_LANGUAGE_STANDARD = gnu11;
				GCC_NO_COMMON_BLOCKS = YES;
				GCC_WARN_64_TO_32_BIT_CONVERSION = YES;
				GCC_WARN_ABOUT_RETURN_TYPE = YES_ERROR;
				GCC_WARN_UNDECLARED_SELECTOR = YES;
				GCC_WARN_UNINITIALIZED_AUTOS = YES_AGGRESSIVE;
				GCC_WARN_UNUSED_FUNCTION = YES;
				GCC_WARN_UNUSED_VARIABLE = YES;
				IPHONEOS_DEPLOYMENT_TARGET = 16.1;
				MTL_ENABLE_DEBUG_INFO = NO;
				MTL_FAST_MATH = YES;
				SDKROOT = iphoneos;
				SWIFT_COMPILATION_MODE = wholemodule;
				SWIFT_OPTIMIZATION_LEVEL = "-O";
				VALIDATE_PRODUCT = YES;
			};
			name = Release;
		};
		B6BED1ED29B9DFAA002B2881 /* Debug */ = {
			isa = XCBuildConfiguration;
			buildSettings = {
				ASSETCATALOG_COMPILER_APPICON_NAME = AppIcon;
				ASSETCATALOG_COMPILER_GLOBAL_ACCENT_COLOR_NAME = AccentColor;
				CODE_SIGN_STYLE = Automatic;
				CURRENT_PROJECT_VERSION = 1;
				DEVELOPMENT_TEAM = L3N7FBF9K2;
				GENERATE_INFOPLIST_FILE = YES;
				INFOPLIST_FILE = SindhuWeatherTask/Info.plist;
				INFOPLIST_KEY_NSLocationAlwaysAndWhenInUseUsageDescription = "Weather app needs your location to display weather data";
				INFOPLIST_KEY_NSLocationWhenInUseUsageDescription = "Weather app needs your location to display weather data";
				INFOPLIST_KEY_UIApplicationSupportsIndirectInputEvents = YES;
				INFOPLIST_KEY_UILaunchStoryboardName = LaunchScreen;
				INFOPLIST_KEY_UIMainStoryboardFile = Main;
				INFOPLIST_KEY_UISupportedInterfaceOrientations = "UIInterfaceOrientationLandscapeLeft UIInterfaceOrientationLandscapeRight UIInterfaceOrientationPortrait";
				INFOPLIST_KEY_UISupportedInterfaceOrientations_iPad = "UIInterfaceOrientationLandscapeLeft UIInterfaceOrientationLandscapeRight UIInterfaceOrientationPortrait UIInterfaceOrientationPortraitUpsideDown";
				IPHONEOS_DEPLOYMENT_TARGET = 13.2;
				LD_RUNPATH_SEARCH_PATHS = (
					"$(inherited)",
					"@executable_path/Frameworks",
				);
				MARKETING_VERSION = 1.0;
				PRODUCT_BUNDLE_IDENTIFIER = Sindhu.SindhuWeatherTask;
				PRODUCT_NAME = "$(TARGET_NAME)";
				SWIFT_EMIT_LOC_STRINGS = YES;
				SWIFT_VERSION = 5.0;
				TARGETED_DEVICE_FAMILY = "1,2";
			};
			name = Debug;
		};
		B6BED1EE29B9DFAA002B2881 /* Release */ = {
			isa = XCBuildConfiguration;
			buildSettings = {
				ASSETCATALOG_COMPILER_APPICON_NAME = AppIcon;
				ASSETCATALOG_COMPILER_GLOBAL_ACCENT_COLOR_NAME = AccentColor;
				CODE_SIGN_STYLE = Automatic;
				CURRENT_PROJECT_VERSION = 1;
				DEVELOPMENT_TEAM = L3N7FBF9K2;
				GENERATE_INFOPLIST_FILE = YES;
				INFOPLIST_FILE = SindhuWeatherTask/Info.plist;
				INFOPLIST_KEY_NSLocationAlwaysAndWhenInUseUsageDescription = "Weather app needs your location to display weather data";
				INFOPLIST_KEY_NSLocationWhenInUseUsageDescription = "Weather app needs your location to display weather data";
				INFOPLIST_KEY_UIApplicationSupportsIndirectInputEvents = YES;
				INFOPLIST_KEY_UILaunchStoryboardName = LaunchScreen;
				INFOPLIST_KEY_UIMainStoryboardFile = Main;
				INFOPLIST_KEY_UISupportedInterfaceOrientations = "UIInterfaceOrientationLandscapeLeft UIInterfaceOrientationLandscapeRight UIInterfaceOrientationPortrait";
				INFOPLIST_KEY_UISupportedInterfaceOrientations_iPad = "UIInterfaceOrientationLandscapeLeft UIInterfaceOrientationLandscapeRight UIInterfaceOrientationPortrait UIInterfaceOrientationPortraitUpsideDown";
				IPHONEOS_DEPLOYMENT_TARGET = 13.2;
				LD_RUNPATH_SEARCH_PATHS = (
					"$(inherited)",
					"@executable_path/Frameworks",
				);
				MARKETING_VERSION = 1.0;
				PRODUCT_BUNDLE_IDENTIFIER = Sindhu.SindhuWeatherTask;
				PRODUCT_NAME = "$(TARGET_NAME)";
				SWIFT_EMIT_LOC_STRINGS = YES;
				SWIFT_VERSION = 5.0;
				TARGETED_DEVICE_FAMILY = "1,2";
			};
			name = Release;
		};
		B6DD850129BB184900E65B3E /* Debug */ = {
			isa = XCBuildConfiguration;
			buildSettings = {
				BUNDLE_LOADER = "$(TEST_HOST)";
				CODE_SIGN_STYLE = Automatic;
				CURRENT_PROJECT_VERSION = 1;
				GENERATE_INFOPLIST_FILE = YES;
				MARKETING_VERSION = 1.0;
				PRODUCT_BUNDLE_IDENTIFIER = Sindhu.SindhuWeatherTaskTests;
				PRODUCT_NAME = "$(TARGET_NAME)";
				SWIFT_EMIT_LOC_STRINGS = NO;
				SWIFT_VERSION = 5.0;
				TARGETED_DEVICE_FAMILY = "1,2";
				TEST_HOST = "$(BUILT_PRODUCTS_DIR)/SindhuWeatherTask.app/$(BUNDLE_EXECUTABLE_FOLDER_PATH)/SindhuWeatherTask";
			};
			name = Debug;
		};
		B6DD850229BB184900E65B3E /* Release */ = {
			isa = XCBuildConfiguration;
			buildSettings = {
				BUNDLE_LOADER = "$(TEST_HOST)";
				CODE_SIGN_STYLE = Automatic;
				CURRENT_PROJECT_VERSION = 1;
				GENERATE_INFOPLIST_FILE = YES;
				MARKETING_VERSION = 1.0;
				PRODUCT_BUNDLE_IDENTIFIER = Sindhu.SindhuWeatherTaskTests;
				PRODUCT_NAME = "$(TARGET_NAME)";
				SWIFT_EMIT_LOC_STRINGS = NO;
				SWIFT_VERSION = 5.0;
				TARGETED_DEVICE_FAMILY = "1,2";
				TEST_HOST = "$(BUILT_PRODUCTS_DIR)/SindhuWeatherTask.app/$(BUNDLE_EXECUTABLE_FOLDER_PATH)/SindhuWeatherTask";
			};
			name = Release;
		};
/* End XCBuildConfiguration section */

/* Begin XCConfigurationList section */
		B6BED1D329B9DFA6002B2881 /* Build configuration list for PBXProject "SindhuWeatherTask" */ = {
			isa = XCConfigurationList;
			buildConfigurations = (
				B6BED1EA29B9DFAA002B2881 /* Debug */,
				B6BED1EB29B9DFAA002B2881 /* Release */,
			);
			defaultConfigurationIsVisible = 0;
			defaultConfigurationName = Release;
		};
		B6BED1EC29B9DFAA002B2881 /* Build configuration list for PBXNativeTarget "SindhuWeatherTask" */ = {
			isa = XCConfigurationList;
			buildConfigurations = (
				B6BED1ED29B9DFAA002B2881 /* Debug */,
				B6BED1EE29B9DFAA002B2881 /* Release */,
			);
			defaultConfigurationIsVisible = 0;
			defaultConfigurationName = Release;
		};
		B6DD850029BB184900E65B3E /* Build configuration list for PBXNativeTarget "SindhuWeatherTaskTests" */ = {
			isa = XCConfigurationList;
			buildConfigurations = (
				B6DD850129BB184900E65B3E /* Debug */,
				B6DD850229BB184900E65B3E /* Release */,
			);
			defaultConfigurationIsVisible = 0;
			defaultConfigurationName = Release;
		};
/* End XCConfigurationList section */
	};
	rootObject = B6BED1D029B9DFA6002B2881 /* Project object */;
}
